{
  "version": 4,
  "terraform_version": "0.12.2",
  "serial": 34,
  "lineage": "57d8e8ca-a9d7-e818-40b9-859b4a75071e",
  "outputs": {},
  "resources": [
    {
      "mode": "managed",
      "type": "azurerm_container_registry",
      "name": "ing_reposition_it_dev_acr",
      "provider": "provider.azurerm",
      "instances": [
        {
          "schema_version": 2,
          "attributes": {
            "admin_enabled": true,
            "admin_password": "SWVPNLgpGF/mVbItU5ZBAFleGpxN3Kla",
            "admin_username": "ingrepositiondev",
            "georeplication_locations": null,
            "id": "/subscriptions/63564ee8-63ec-48fc-9ab2-dd90a624351b/resourceGroups/ing-reposition-it-dev-rg/providers/Microsoft.ContainerRegistry/registries/ingrepositiondev",
            "location": "southeastasia",
            "login_server": "ingrepositiondev.azurecr.io",
            "name": "ingrepositiondev",
            "resource_group_name": "ing-reposition-it-dev-rg",
            "sku": "Standard",
            "storage_account": [],
            "storage_account_id": null,
            "tags": {}
          },
          "private": "eyJzY2hlbWFfdmVyc2lvbiI6IjIifQ==",
          "depends_on": [
            "azurerm_resource_group.ing_reposition_rg_dev"
          ]
        }
      ]
    },
    {
      "mode": "managed",
      "type": "azurerm_kubernetes_cluster",
      "name": "ing_reposition_it_dev_k8s",
      "provider": "provider.azurerm",
      "instances": []
    },
    {
      "mode": "managed",
      "type": "azurerm_log_analytics_solution",
      "name": "ing_reposition_it_dev_log_solution",
      "provider": "provider.azurerm",
      "instances": [
        {
          "schema_version": 0,
          "attributes": {
            "id": "/subscriptions/63564ee8-63ec-48fc-9ab2-dd90a624351b/resourcegroups/ing-reposition-it-dev-rg/providers/Microsoft.OperationsManagement/solutions/ContainerInsights(ing-reposition-it-analytics-workspace)",
            "location": "southeastasia",
            "plan": [
              {
                "name": "ContainerInsights(ing-reposition-it-analytics-workspace)",
                "product": "OMSGallery/ContainerInsights",
                "promotion_code": "",
                "publisher": "Microsoft"
              }
            ],
            "resource_group_name": "ing-reposition-it-dev-rg",
            "solution_name": "ContainerInsights",
            "workspace_name": "ing-reposition-it-analytics-workspace",
            "workspace_resource_id": "/subscriptions/63564ee8-63ec-48fc-9ab2-dd90a624351b/resourcegroups/ing-reposition-it-dev-rg/providers/Microsoft.OperationalInsights/workspaces/ing-reposition-it-analytics-workspace"
          },
          "private": "bnVsbA==",
          "depends_on": [
            "azurerm_log_analytics_workspace.ing_reposition_it_dev_logs_analytics_workspace",
            "azurerm_resource_group.ing_reposition_rg_dev"
          ]
        }
      ]
    },
    {
      "mode": "managed",
      "type": "azurerm_log_analytics_workspace",
      "name": "ing_reposition_it_dev_logs_analytics_workspace",
      "provider": "provider.azurerm",
      "instances": [
        {
          "schema_version": 0,
          "attributes": {
            "id": "/subscriptions/63564ee8-63ec-48fc-9ab2-dd90a624351b/resourcegroups/ing-reposition-it-dev-rg/providers/microsoft.operationalinsights/workspaces/ing-reposition-it-analytics-workspace",
            "location": "southeastasia",
            "name": "ing-reposition-it-analytics-workspace",
            "portal_url": "",
            "primary_shared_key": "ZAAr1l/AE0LSNBnJ4ZMWJmxedaNX+6OkKIJzq6zEbfpm3BEfibWqF5MIA0c4zRHCXhayYl/O7B85GXjUgNE3mw==",
            "resource_group_name": "ing-reposition-it-dev-rg",
            "retention_in_days": 30,
            "secondary_shared_key": "W7A6tAUNneX0B/mfhiB2C5GfTS8vScck83rkXR4tD9VwD4LKSq75990cydTghrpVodyr+3RME0MN5jpj9qQPRA==",
            "sku": "pergb2018",
            "tags": {},
            "workspace_id": "ae9d1946-bc69-42dd-9fc1-02d41104e3e2"
          },
          "private": "bnVsbA==",
          "depends_on": [
            "azurerm_resource_group.ing_reposition_rg_dev"
          ]
        }
      ]
    },
    {
      "mode": "managed",
      "type": "azurerm_resource_group",
      "name": "ing_reposition_rg_dev",
      "provider": "provider.azurerm",
      "instances": [
        {
          "schema_version": 0,
          "attributes": {
            "id": "/subscriptions/63564ee8-63ec-48fc-9ab2-dd90a624351b/resourceGroups/ing-reposition-it-dev-rg",
            "location": "southeastasia",
            "name": "ing-reposition-it-dev-rg",
            "tags": {}
          },
          "private": "bnVsbA=="
        }
      ]
    }
  ]
}
