{
  "version": 4,
  "terraform_version": "0.12.2",
  "serial": 17,
  "lineage": "dc247c4a-bfde-d787-3076-7a85ae0d14ad",
  "outputs": {},
  "resources": [
    {
      "mode": "managed",
      "type": "azurerm_resource_group",
      "name": "ing_reposition_rg",
      "provider": "provider.azurerm",
      "instances": [
        {
          "schema_version": 0,
          "attributes": {
            "id": "/subscriptions/63564ee8-63ec-48fc-9ab2-dd90a624351b/resourceGroups/ing-reposition-it",
            "location": "southeastasia",
            "name": "ing-reposition-it",
            "tags": {}
          },
          "private": "bnVsbA=="
        }
      ]
    },
    {
      "mode": "managed",
      "type": "azurerm_virtual_network",
      "name": "ing_reposition_dev_vnet",
      "provider": "provider.azurerm",
      "instances": [
        {
          "schema_version": 0,
          "attributes": {
            "address_space": [
              "192.168.0.0/22"
            ],
            "ddos_protection_plan": [],
            "dns_servers": null,
            "id": "/subscriptions/63564ee8-63ec-48fc-9ab2-dd90a624351b/resourceGroups/ing-reposition-it/providers/Microsoft.Network/virtualNetworks/ing-reposition-it-vnet",
            "location": "southeastasia",
            "name": "ing-reposition-it-vnet",
            "resource_group_name": "ing-reposition-it",
            "subnet": [],
            "tags": {}
          },
          "private": "bnVsbA==",
          "depends_on": [
            "azurerm_resource_group.ing_reposition_rg"
          ]
        }
      ]
    }
  ]
}
